
Microsoft Visual Studio Solution File, Format Version 12.00
# Visual Studio Version 16
VisualStudioVersion = 16.0.29613.14
MinimumVisualStudioVersion = 10.0.40219.1
Project("{9A19103F-16F7-4668-BE54-9A1E7A4F7556}") = "as4", "as3\as4.csproj", "{DF5D6B5B-CB57-4AD1-84D0-0262B8441B3C}"
EndProject
Global
	GlobalSection(SolutionConfigurationPlatforms) = preSolution
		Debug|Any CPU = Debug|Any CPU
		Release|Any CPU = Release|Any CPU
	EndGlobalSection
	GlobalSection(ProjectConfigurationPlatforms) = postSolution
		{DF5D6B5B-CB57-4AD1-84D0-0262B8441B3C}.Debug|Any CPU.ActiveCfg = Debug|Any CPU
		{DF5D6B5B-CB57-4AD1-84D0-0262B8441B3C}.Debug|Any CPU.Build.0 = Debug|Any CPU
		{DF5D6B5B-CB57-4AD1-84D0-0262B8441B3C}.Release|Any CPU.ActiveCfg = Release|Any CPU
		{DF5D6B5B-CB57-4AD1-84D0-0262B8441B3C}.Release|Any CPU.Build.0 = Release|Any CPU
	EndGlobalSection
	GlobalSection(SolutionProperties) = preSolution
		HideSolutionNode = FALSE
	EndGlobalSection
	GlobalSection(ExtensibilityGlobals) = postSolution
		SolutionGuid = {CFC14458-838C-4394-B7DB-DBF5A758B990}
	EndGlobalSection
EndGlobal
