
Microsoft Visual Studio Solution File, Format Version 12.00
# Visual Studio Version 16
VisualStudioVersion = 16.0.29613.14
MinimumVisualStudioVersion = 10.0.40219.1
Project("{FAE04EC0-301F-11D3-BF4B-00C04F79EFBC}") = "Lab3", "Lab3\Lab3.csproj", "{D7682D1C-E8E3-4E99-9C55-AE819A35D828}"
EndProject
Global
	GlobalSection(SolutionConfigurationPlatforms) = preSolution
		Debug|Any CPU = Debug|Any CPU
		Release|Any CPU = Release|Any CPU
	EndGlobalSection
	GlobalSection(ProjectConfigurationPlatforms) = postSolution
		{D7682D1C-E8E3-4E99-9C55-AE819A35D828}.Debug|Any CPU.ActiveCfg = Debug|Any CPU
		{D7682D1C-E8E3-4E99-9C55-AE819A35D828}.Debug|Any CPU.Build.0 = Debug|Any CPU
		{D7682D1C-E8E3-4E99-9C55-AE819A35D828}.Release|Any CPU.ActiveCfg = Release|Any CPU
		{D7682D1C-E8E3-4E99-9C55-AE819A35D828}.Release|Any CPU.Build.0 = Release|Any CPU
	EndGlobalSection
	GlobalSection(SolutionProperties) = preSolution
		HideSolutionNode = FALSE
	EndGlobalSection
	GlobalSection(ExtensibilityGlobals) = postSolution
		SolutionGuid = {0DBDB9A2-2494-4DE0-94D6-8BE24A5FF6E0}
	EndGlobalSection
EndGlobal
